schema: '2.0'
stages:
  data_ingestion:
    cmd: python src/data/data_ingestion.py
    deps:
    - path: src/data/data_ingestion.py
      hash: md5
      md5: cea6afd8b0234bbf931b7fa3717c2bd1
      size: 2621
    params:
      params.yaml:
        data_ingestion.test_size: 0.171
    outs:
    - path: data/raw
      hash: md5
      md5: cbb28a1c4ac9f21ea1489ef3f0d76961.dir
      size: 909758
      nfiles: 2
  data_preprocessing:
    cmd: python src/features/transformations.py
    deps:
    - path: data/raw
      hash: md5
      md5: cbb28a1c4ac9f21ea1489ef3f0d76961.dir
      size: 909758
      nfiles: 2
    - path: src/features/transformations.py
      hash: md5
      md5: 92ec5625eff97ee4318d326954cfc2eb
      size: 3303
    outs:
    - path: data/processed
      hash: md5
      md5: d22da36c4134955f87856154a9a0d12a.dir
      size: 3832386
      nfiles: 2
    - path: models/scaler.joblib
      hash: md5
      md5: 0dcd3d5b8e7fc0ca4b5f9123160c98e7
      size: 1631
  train_model:
    cmd: python src/models/train_model.py
    deps:
    - path: data/processed
      hash: md5
      md5: d22da36c4134955f87856154a9a0d12a.dir
      size: 3832386
      nfiles: 2
    - path: src/models/train_model.py
      hash: md5
      md5: 79683465b0a6d7bd0a36d58749033028
      size: 3812
    params:
      params.yaml:
        train_model.n_estimators: 10
    outs:
    - path: models/model.pkl
      hash: md5
      md5: 94061a96f3d05aaef301f2801780cc4a
      size: 91096
  evaluation:
    cmd: python src/models/predict_model.py
    deps:
    - path: data/processed
      hash: md5
      md5: d22da36c4134955f87856154a9a0d12a.dir
      size: 3832386
      nfiles: 2
    - path: models/model.pkl
      hash: md5
      md5: 94061a96f3d05aaef301f2801780cc4a
      size: 91096
    - path: src/models/predict_model.py
      hash: md5
      md5: 413b9d5e02c5207cbdb99e1bbecc04e4
      size: 4377
    outs:
    - path: reports/metrics.json
      hash: md5
      md5: 74bc7d2c0a686c50d4c784b8ddd0634b
      size: 28
