schema: '2.0'
stages:
  data_ingestion:
    cmd: python src/data/data_ingestion.py
    deps:
    - path: src/data/data_ingestion.py
      hash: md5
      md5: 56fe4a3a315d935702c0836c6907e77b
      size: 2702
    params:
      params.yaml:
        data_ingestion.test_size: 0.2
    outs:
    - path: data/raw
      hash: md5
      md5: c9933f600c664882d1a46a37e66e8f00.dir
      size: 909758
      nfiles: 2
  data_preprocessing:
    cmd: python src/features/transformations.py
    deps:
    - path: data/raw
      hash: md5
      md5: c9933f600c664882d1a46a37e66e8f00.dir
      size: 909758
      nfiles: 2
    - path: src/features/transformations.py
      hash: md5
      md5: d0fc6ad8f1d071e54e74276c2a2f32d9
      size: 3403
    outs:
    - path: data/processed
      hash: md5
      md5: bf955ae35a89a769488a49c61e00d799.dir
      size: 3847915
      nfiles: 2
    - path: models/scaler.joblib
      hash: md5
      md5: 6ce1bffcf20974930a755a75135d0e8a
      size: 1759
  train_model:
    cmd: python src/models/train_model.py
    deps:
    - path: data/processed
      hash: md5
      md5: bf955ae35a89a769488a49c61e00d799.dir
      size: 3847915
      nfiles: 2
    - path: src/models/train_model.py
      hash: md5
      md5: c59900634357b8947e70d1dfdab5e7db
      size: 2873
    params:
      params.yaml:
        train_model.n_estimators: 100
    outs:
    - path: models/model.pkl
      hash: md5
      md5: fc6399b3a63903414b5801adbd234da5
      size: 176012
  evaluation:
    cmd: python src/models/predict_model.py
    deps:
    - path: data/processed
      hash: md5
      md5: bf955ae35a89a769488a49c61e00d799.dir
      size: 3847915
      nfiles: 2
    - path: models/model.pkl
      hash: md5
      md5: fc6399b3a63903414b5801adbd234da5
      size: 176012
    - path: src/models/predict_model.py
      hash: md5
      md5: 1afebe8c232d3772af1581a7edba245a
      size: 2731
    outs:
    - path: reports/metrics.json
      hash: md5
      md5: 5bb949dd30de2f65b287269b7620251c
      size: 27
